
Microsoft Visual Studio Solution File, Format Version 12.00
# Visual Studio 15
VisualStudioVersion = 15.0.27428.2011
MinimumVisualStudioVersion = 10.0.40219.1
Project("{9A19103F-16F7-4668-BE54-9A1E7A4F7556}") = "LineLoginSampleApp", "LineLoginSampleApp\LineLoginSampleApp.csproj", "{918124D4-3363-40F8-8B63-90D6C5FEDAD1}"
EndProject
Global
	GlobalSection(SolutionConfigurationPlatforms) = preSolution
		Debug|Any CPU = Debug|Any CPU
		Release|Any CPU = Release|Any CPU
	EndGlobalSection
	GlobalSection(ProjectConfigurationPlatforms) = postSolution
		{918124D4-3363-40F8-8B63-90D6C5FEDAD1}.Debug|Any CPU.ActiveCfg = Debug|Any CPU
		{918124D4-3363-40F8-8B63-90D6C5FEDAD1}.Debug|Any CPU.Build.0 = Debug|Any CPU
		{918124D4-3363-40F8-8B63-90D6C5FEDAD1}.Release|Any CPU.ActiveCfg = Release|Any CPU
		{918124D4-3363-40F8-8B63-90D6C5FEDAD1}.Release|Any CPU.Build.0 = Release|Any CPU
	EndGlobalSection
	GlobalSection(SolutionProperties) = preSolution
		HideSolutionNode = FALSE
	EndGlobalSection
	GlobalSection(ExtensibilityGlobals) = postSolution
		SolutionGuid = {938B57F9-E8BF-49CA-8024-8B5B27E850A0}
	EndGlobalSection
EndGlobal
